
Microsoft Visual Studio Solution File, Format Version 12.00
# Visual Studio Version 16
VisualStudioVersion = 16.0.30413.136
MinimumVisualStudioVersion = 10.0.40219.1
Project("{FAE04EC0-301F-11D3-BF4B-00C04F79EFBC}") = "Test 1 -Deliverable", "Test 1 -Deliverable\Test 1 -Deliverable.csproj", "{1BBDB859-CF21-4539-A444-975757E1ACC9}"
EndProject
Global
	GlobalSection(SolutionConfigurationPlatforms) = preSolution
		Debug|Any CPU = Debug|Any CPU
		Release|Any CPU = Release|Any CPU
	EndGlobalSection
	GlobalSection(ProjectConfigurationPlatforms) = postSolution
		{1BBDB859-CF21-4539-A444-975757E1ACC9}.Debug|Any CPU.ActiveCfg = Debug|Any CPU
		{1BBDB859-CF21-4539-A444-975757E1ACC9}.Debug|Any CPU.Build.0 = Debug|Any CPU
		{1BBDB859-CF21-4539-A444-975757E1ACC9}.Release|Any CPU.ActiveCfg = Release|Any CPU
		{1BBDB859-CF21-4539-A444-975757E1ACC9}.Release|Any CPU.Build.0 = Release|Any CPU
	EndGlobalSection
	GlobalSection(SolutionProperties) = preSolution
		HideSolutionNode = FALSE
	EndGlobalSection
	GlobalSection(ExtensibilityGlobals) = postSolution
		SolutionGuid = {6D67D821-38BB-43C6-8876-80057D4644AA}
	EndGlobalSection
EndGlobal
